
Microsoft Visual Studio Solution File, Format Version 12.00
# Visual Studio Version 17
VisualStudioVersion = 17.8.34330.188
MinimumVisualStudioVersion = 10.0.40219.1
Project("{FAE04EC0-301F-11D3-BF4B-00C04F79EFBC}") = "anket", "anket\anket.csproj", "{DA0200C7-A91C-4D0C-952B-5A8EC950C597}"
EndProject
Global
	GlobalSection(SolutionConfigurationPlatforms) = preSolution
		Debug|Any CPU = Debug|Any CPU
		Release|Any CPU = Release|Any CPU
	EndGlobalSection
	GlobalSection(ProjectConfigurationPlatforms) = postSolution
		{DA0200C7-A91C-4D0C-952B-5A8EC950C597}.Debug|Any CPU.ActiveCfg = Debug|Any CPU
		{DA0200C7-A91C-4D0C-952B-5A8EC950C597}.Debug|Any CPU.Build.0 = Debug|Any CPU
		{DA0200C7-A91C-4D0C-952B-5A8EC950C597}.Release|Any CPU.ActiveCfg = Release|Any CPU
		{DA0200C7-A91C-4D0C-952B-5A8EC950C597}.Release|Any CPU.Build.0 = Release|Any CPU
	EndGlobalSection
	GlobalSection(SolutionProperties) = preSolution
		HideSolutionNode = FALSE
	EndGlobalSection
	GlobalSection(ExtensibilityGlobals) = postSolution
		SolutionGuid = {DE89B8D1-0440-46D8-B406-2DFA0F808893}
	EndGlobalSection
EndGlobal
